
Microsoft Visual Studio Solution File, Format Version 12.00
# Visual Studio Version 17
VisualStudioVersion = 17.7.34018.315
MinimumVisualStudioVersion = 10.0.40219.1
Project("{FAE04EC0-301F-11D3-BF4B-00C04F79EFBC}") = "PizzaBilling", "PizzaBilling.csproj", "{C5A52B27-60B3-4B15-A6BE-C6CDA2A85052}"
EndProject
Global
	GlobalSection(SolutionConfigurationPlatforms) = preSolution
		Debug|Any CPU = Debug|Any CPU
		Release|Any CPU = Release|Any CPU
	EndGlobalSection
	GlobalSection(ProjectConfigurationPlatforms) = postSolution
		{C5A52B27-60B3-4B15-A6BE-C6CDA2A85052}.Debug|Any CPU.ActiveCfg = Debug|Any CPU
		{C5A52B27-60B3-4B15-A6BE-C6CDA2A85052}.Debug|Any CPU.Build.0 = Debug|Any CPU
		{C5A52B27-60B3-4B15-A6BE-C6CDA2A85052}.Release|Any CPU.ActiveCfg = Release|Any CPU
		{C5A52B27-60B3-4B15-A6BE-C6CDA2A85052}.Release|Any CPU.Build.0 = Release|Any CPU
	EndGlobalSection
	GlobalSection(SolutionProperties) = preSolution
		HideSolutionNode = FALSE
	EndGlobalSection
	GlobalSection(ExtensibilityGlobals) = postSolution
		SolutionGuid = {82E619D7-5EE5-4002-901A-17D87DA80039}
	EndGlobalSection
EndGlobal
